{
    "_meta": {
        "hash": {
            "sha256": "6597ad608a85b11905c8e951012617e91a4b67f9a81d1238864432422ebed5e3"
        },
        "pipfile-spec": 6,
        "requires": {
            "python_version": "3.8"
        },
        "sources": [
            {
                "name": "pypi",
                "url": "https://pypi.org/simple",
                "verify_ssl": true
            }
        ]
    },
    "default": {
        "box2d-py": {
            "hashes": [
                "sha256:0d46068eb8d29e366ed698ab2a4833d4d2d34ed035ebd6a685888007dda05f64",
                "sha256:287aa54005c0644b47bf7ad72966e4068d66e56bcf8458f5b4a653ffe42a2618",
                "sha256:483b3f9acd5d156b72bf2013f93cf7f8ca0ee1562e43d2353ab4c0cbec4ee49a",
                "sha256:a294c2d7cc73cc05dd491287079e15419eb98caa3158df94f40faf85eeb4b6e9",
                "sha256:b37dc38844bcd7def48a97111d2b082e4f81cca3cece7460feb3eacda0da2207"
            ],
            "version": "==2.3.5"
        },
        "cloudpickle": {
            "hashes": [
                "sha256:5cd02f3b417a783ba84a4ec3e290ff7929009fe51f6405423cfccfadd43ba4a4",
                "sha256:6b2df9741d06f43839a3275c4e6632f7df6487a1f181f5f46a052d3c917c3d11"
            ],
            "markers": "python_version >= '3.6'",
            "version": "==2.0.0"
        },
        "gym": {
            "extras": [
                "box2d"
            ],
            "hashes": [
                "sha256:0fd1ce165c754b4017e37a617b097c032b8c3feb8a0394ccc8777c7c50dddff3"
            ],
            "index": "pypi",
            "version": "==0.21.0"
        },
        "numpy": {
            "hashes": [
                "sha256:03ae5850619abb34a879d5f2d4bb4dcd025d6d8fb72f5e461dae84edccfe129f",
                "sha256:076aee5a3763d41da6bef9565fdf3cb987606f567cd8b104aded2b38b7b47abf",
                "sha256:0b536b6840e84c1c6a410f3a5aa727821e6108f3454d81a5cd5900999ef04f89",
                "sha256:15efb7b93806d438e3bc590ca8ef2f953b0ce4f86f337ef4559d31ec6cf9d7dd",
                "sha256:168259b1b184aa83a514f307352c25c56af111c269ffc109d9704e81f72e764b",
                "sha256:2638389562bda1635b564490d76713695ff497242a83d9b684d27bb4a6cc9d7a",
                "sha256:3556c5550de40027d3121ebbb170f61bbe19eb639c7ad0c7b482cd9b560cd23b",
                "sha256:4a176959b6e7e00b5a0d6f549a479f869829bfd8150282c590deee6d099bbb6e",
                "sha256:515a8b6edbb904594685da6e176ac9fbea8f73a5ebae947281de6613e27f1956",
                "sha256:55535c7c2f61e2b2fc817c5cbe1af7cb907c7f011e46ae0a52caa4be1f19afe2",
                "sha256:59153979d60f5bfe9e4c00e401e24dfe0469ef8da6d68247439d3278f30a180f",
                "sha256:60cb8e5933193a3cc2912ee29ca331e9c15b2da034f76159b7abc520b3d1233a",
                "sha256:6767ad399e9327bfdbaa40871be4254d1995f4a3ca3806127f10cec778bd9896",
                "sha256:76a4f9bce0278becc2da7da3b8ef854bed41a991f4226911a24a9711baad672c",
                "sha256:8cf33634b60c9cef346663a222d9841d3bbbc0a2f00221d6bcfd0d993d5543f6",
                "sha256:94dd11d9f13ea1be17bac39c1942f527cbf7065f94953cf62dfe805653da2f8f",
                "sha256:aafa46b5a39a27aca566198d3312fb3bde95ce9677085efd02c86f7ef6be4ec7",
                "sha256:badca914580eb46385e7f7e4e426fea6de0a37b9e06bec252e481ae7ec287082",
                "sha256:d76a26c5118c4d96e264acc9e3242d72e1a2b92e739807b3b69d8d47684b6677"
            ],
            "markers": "python_version >= '3.8'",
            "version": "==1.22.2"
        },
        "pyglet": {
            "hashes": [
                "sha256:11f11ddda4ee456284f2ddd1fe5c62fe29ba8c42074d3d9ae52d094abc2e1b7c",
                "sha256:5aaaddb06dc4b6f9ba08254d8d806a2bd2406925a9caf3a51fdffbd5d09728e2"
            ],
            "version": "==1.5.21"
        }
    },
    "develop": {}
}
